
Microsoft Visual Studio Solution File, Format Version 12.00
# Visual Studio Version 16
VisualStudioVersion = 25.0.1705.3
MinimumVisualStudioVersion = 10.0.40219.1
Project("{FAE04EC0-301F-11D3-BF4B-00C04F79EFBC}") = "Finance.Android", "Finance\Finance.Android\Finance.Android.csproj", "{D22CCB95-2BA7-49CC-8125-4AB7EE5A2E5B}"
EndProject
Project("{FAE04EC0-301F-11D3-BF4B-00C04F79EFBC}") = "Finance.iOS", "Finance\Finance.iOS\Finance.iOS.csproj", "{B6466F4F-7226-4B0A-AD38-44923320366B}"
EndProject
Project("{FAE04EC0-301F-11D3-BF4B-00C04F79EFBC}") = "Finance", "Finance\Finance\Finance.csproj", "{F75360B8-5B06-4284-B54B-484C9D780260}"
EndProject
Global
	GlobalSection(SolutionConfigurationPlatforms) = preSolution
		Debug|Any CPU = Debug|Any CPU
		Release|Any CPU = Release|Any CPU
		Debug|iPhoneSimulator = Debug|iPhoneSimulator
		Release|iPhoneSimulator = Release|iPhoneSimulator
		Debug|iPhone = Debug|iPhone
		Release|iPhone = Release|iPhone
	EndGlobalSection
	GlobalSection(ProjectConfigurationPlatforms) = postSolution
		{D22CCB95-2BA7-49CC-8125-4AB7EE5A2E5B}.Debug|Any CPU.ActiveCfg = Debug|Any CPU
		{D22CCB95-2BA7-49CC-8125-4AB7EE5A2E5B}.Debug|Any CPU.Build.0 = Debug|Any CPU
		{D22CCB95-2BA7-49CC-8125-4AB7EE5A2E5B}.Release|Any CPU.ActiveCfg = Release|Any CPU
		{D22CCB95-2BA7-49CC-8125-4AB7EE5A2E5B}.Release|Any CPU.Build.0 = Release|Any CPU
		{D22CCB95-2BA7-49CC-8125-4AB7EE5A2E5B}.Debug|iPhoneSimulator.ActiveCfg = Debug|Any CPU
		{D22CCB95-2BA7-49CC-8125-4AB7EE5A2E5B}.Debug|iPhoneSimulator.Build.0 = Debug|Any CPU
		{D22CCB95-2BA7-49CC-8125-4AB7EE5A2E5B}.Release|iPhoneSimulator.ActiveCfg = Release|Any CPU
		{D22CCB95-2BA7-49CC-8125-4AB7EE5A2E5B}.Release|iPhoneSimulator.Build.0 = Release|Any CPU
		{D22CCB95-2BA7-49CC-8125-4AB7EE5A2E5B}.Debug|iPhone.ActiveCfg = Debug|Any CPU
		{D22CCB95-2BA7-49CC-8125-4AB7EE5A2E5B}.Debug|iPhone.Build.0 = Debug|Any CPU
		{D22CCB95-2BA7-49CC-8125-4AB7EE5A2E5B}.Release|iPhone.ActiveCfg = Release|Any CPU
		{D22CCB95-2BA7-49CC-8125-4AB7EE5A2E5B}.Release|iPhone.Build.0 = Release|Any CPU
		{B6466F4F-7226-4B0A-AD38-44923320366B}.Debug|Any CPU.ActiveCfg = Debug|iPhoneSimulator
		{B6466F4F-7226-4B0A-AD38-44923320366B}.Debug|Any CPU.Build.0 = Debug|iPhoneSimulator
		{B6466F4F-7226-4B0A-AD38-44923320366B}.Release|Any CPU.ActiveCfg = Release|iPhoneSimulator
		{B6466F4F-7226-4B0A-AD38-44923320366B}.Release|Any CPU.Build.0 = Release|iPhoneSimulator
		{B6466F4F-7226-4B0A-AD38-44923320366B}.Debug|iPhoneSimulator.ActiveCfg = Debug|iPhoneSimulator
		{B6466F4F-7226-4B0A-AD38-44923320366B}.Debug|iPhoneSimulator.Build.0 = Debug|iPhoneSimulator
		{B6466F4F-7226-4B0A-AD38-44923320366B}.Release|iPhoneSimulator.ActiveCfg = Release|iPhoneSimulator
		{B6466F4F-7226-4B0A-AD38-44923320366B}.Release|iPhoneSimulator.Build.0 = Release|iPhoneSimulator
		{B6466F4F-7226-4B0A-AD38-44923320366B}.Debug|iPhone.ActiveCfg = Debug|iPhone
		{B6466F4F-7226-4B0A-AD38-44923320366B}.Debug|iPhone.Build.0 = Debug|iPhone
		{B6466F4F-7226-4B0A-AD38-44923320366B}.Release|iPhone.ActiveCfg = Release|iPhone
		{B6466F4F-7226-4B0A-AD38-44923320366B}.Release|iPhone.Build.0 = Release|iPhone
		{F75360B8-5B06-4284-B54B-484C9D780260}.Debug|Any CPU.ActiveCfg = Debug|Any CPU
		{F75360B8-5B06-4284-B54B-484C9D780260}.Debug|Any CPU.Build.0 = Debug|Any CPU
		{F75360B8-5B06-4284-B54B-484C9D780260}.Release|Any CPU.ActiveCfg = Release|Any CPU
		{F75360B8-5B06-4284-B54B-484C9D780260}.Release|Any CPU.Build.0 = Release|Any CPU
		{F75360B8-5B06-4284-B54B-484C9D780260}.Debug|iPhoneSimulator.ActiveCfg = Debug|Any CPU
		{F75360B8-5B06-4284-B54B-484C9D780260}.Debug|iPhoneSimulator.Build.0 = Debug|Any CPU
		{F75360B8-5B06-4284-B54B-484C9D780260}.Release|iPhoneSimulator.ActiveCfg = Release|Any CPU
		{F75360B8-5B06-4284-B54B-484C9D780260}.Release|iPhoneSimulator.Build.0 = Release|Any CPU
		{F75360B8-5B06-4284-B54B-484C9D780260}.Debug|iPhone.ActiveCfg = Debug|Any CPU
		{F75360B8-5B06-4284-B54B-484C9D780260}.Debug|iPhone.Build.0 = Debug|Any CPU
		{F75360B8-5B06-4284-B54B-484C9D780260}.Release|iPhone.ActiveCfg = Release|Any CPU
		{F75360B8-5B06-4284-B54B-484C9D780260}.Release|iPhone.Build.0 = Release|Any CPU
	EndGlobalSection
	GlobalSection(SolutionProperties) = preSolution
		HideSolutionNode = FALSE
	EndGlobalSection
	GlobalSection(ExtensibilityGlobals) = postSolution
		SolutionGuid = {E5BECCC6-89AA-4EA2-8504-A5ECD9304DDD}
	EndGlobalSection
EndGlobal
